// !$*UTF8*$!
{
	archiveVersion = 1;
	classes = {
	};
	objectVersion = 56;
	objects = {

/* Begin PBXBuildFile section */
		46E2276D2B274BEE003B398B /* AppDelegate.swift in Sources */ = {isa = PBXBuildFile; fileRef = 46E2276C2B274BEE003B398B /* AppDelegate.swift */; };
		46E2276F2B274BEE003B398B /* SceneDelegate.swift in Sources */ = {isa = PBXBuildFile; fileRef = 46E2276E2B274BEE003B398B /* SceneDelegate.swift */; };
		46E227712B274BEE003B398B /* ViewController.swift in Sources */ = {isa = PBXBuildFile; fileRef = 46E227702B274BEE003B398B /* ViewController.swift */; };
		46E227742B274BEE003B398B /* Main.storyboard in Resources */ = {isa = PBXBuildFile; fileRef = 46E227722B274BEE003B398B /* Main.storyboard */; };
		46E227772B274BEE003B398B /* GeofenceApp.xcdatamodeld in Sources */ = {isa = PBXBuildFile; fileRef = 46E227752B274BEE003B398B /* GeofenceApp.xcdatamodeld */; };
		46E227792B274BF2003B398B /* Assets.xcassets in Resources */ = {isa = PBXBuildFile; fileRef = 46E227782B274BF2003B398B /* Assets.xcassets */; };
		46E2277C2B274BF2003B398B /* LaunchScreen.storyboard in Resources */ = {isa = PBXBuildFile; fileRef = 46E2277A2B274BF2003B398B /* LaunchScreen.storyboard */; };
		46E227872B274BF2003B398B /* GeofenceAppTests.swift in Sources */ = {isa = PBXBuildFile; fileRef = 46E227862B274BF2003B398B /* GeofenceAppTests.swift */; };
		46E227912B274BF2003B398B /* GeofenceAppUITests.swift in Sources */ = {isa = PBXBuildFile; fileRef = 46E227902B274BF2003B398B /* GeofenceAppUITests.swift */; };
		46E227932B274BF2003B398B /* GeofenceAppUITestsLaunchTests.swift in Sources */ = {isa = PBXBuildFile; fileRef = 46E227922B274BF2003B398B /* GeofenceAppUITestsLaunchTests.swift */; };
		46E227A22B2752A5003B398B /* PromptView.xib in Resources */ = {isa = PBXBuildFile; fileRef = 46E227A02B2752A5003B398B /* PromptView.xib */; };
		46E227A32B2752A5003B398B /* PromptView.swift in Sources */ = {isa = PBXBuildFile; fileRef = 46E227A12B2752A5003B398B /* PromptView.swift */; };
		46E227A62B2752B3003B398B /* UIView.swift in Sources */ = {isa = PBXBuildFile; fileRef = 46E227A52B2752B3003B398B /* UIView.swift */; };
		46E227AB2B275873003B398B /* GeofenceManager.swift in Sources */ = {isa = PBXBuildFile; fileRef = 46E227A82B275873003B398B /* GeofenceManager.swift */; };
		46E227AC2B275873003B398B /* LocationManager.swift in Sources */ = {isa = PBXBuildFile; fileRef = 46E227A92B275873003B398B /* LocationManager.swift */; };
		46E227AF2B276B5D003B398B /* DatabaseManager.swift in Sources */ = {isa = PBXBuildFile; fileRef = 46E227AE2B276B5D003B398B /* DatabaseManager.swift */; };
		46E227B72B276C22003B398B /* GeofenceData+CoreDataClass.swift in Sources */ = {isa = PBXBuildFile; fileRef = 46E227B52B276C22003B398B /* GeofenceData+CoreDataClass.swift */; };
		46E227B82B276C22003B398B /* GeofenceData+CoreDataProperties.swift in Sources */ = {isa = PBXBuildFile; fileRef = 46E227B62B276C22003B398B /* GeofenceData+CoreDataProperties.swift */; };
		46E227BB2B276C60003B398B /* GeofenceStruct.swift in Sources */ = {isa = PBXBuildFile; fileRef = 46E227BA2B276C60003B398B /* GeofenceStruct.swift */; };
/* End PBXBuildFile section */

/* Begin PBXContainerItemProxy section */
		46E227832B274BF2003B398B /* PBXContainerItemProxy */ = {
			isa = PBXContainerItemProxy;
			containerPortal = 46E227612B274BEE003B398B /* Project object */;
			proxyType = 1;
			remoteGlobalIDString = 46E227682B274BEE003B398B;
			remoteInfo = GeofenceApp;
		};
		46E2278D2B274BF2003B398B /* PBXContainerItemProxy */ = {
			isa = PBXContainerItemProxy;
			containerPortal = 46E227612B274BEE003B398B /* Project object */;
			proxyType = 1;
			remoteGlobalIDString = 46E227682B274BEE003B398B;
			remoteInfo = GeofenceApp;
		};
/* End PBXContainerItemProxy section */

/* Begin PBXFileReference section */
		46E227692B274BEE003B398B /* GeofenceApp.app */ = {isa = PBXFileReference; explicitFileType = wrapper.application; includeInIndex = 0; path = GeofenceApp.app; sourceTree = BUILT_PRODUCTS_DIR; };
		46E2276C2B274BEE003B398B /* AppDelegate.swift */ = {isa = PBXFileReference; lastKnownFileType = sourcecode.swift; path = AppDelegate.swift; sourceTree = "<group>"; };
		46E2276E2B274BEE003B398B /* SceneDelegate.swift */ = {isa = PBXFileReference; lastKnownFileType = sourcecode.swift; path = SceneDelegate.swift; sourceTree = "<group>"; };
		46E227702B274BEE003B398B /* ViewController.swift */ = {isa = PBXFileReference; lastKnownFileType = sourcecode.swift; path = ViewController.swift; sourceTree = "<group>"; };
		46E227732B274BEE003B398B /* Base */ = {isa = PBXFileReference; lastKnownFileType = file.storyboard; name = Base; path = Base.lproj/Main.storyboard; sourceTree = "<group>"; };
		46E227762B274BEE003B398B /* GeofenceApp.xcdatamodel */ = {isa = PBXFileReference; lastKnownFileType = wrapper.xcdatamodel; path = GeofenceApp.xcdatamodel; sourceTree = "<group>"; };
		46E227782B274BF2003B398B /* Assets.xcassets */ = {isa = PBXFileReference; lastKnownFileType = folder.assetcatalog; path = Assets.xcassets; sourceTree = "<group>"; };
		46E2277B2B274BF2003B398B /* Base */ = {isa = PBXFileReference; lastKnownFileType = file.storyboard; name = Base; path = Base.lproj/LaunchScreen.storyboard; sourceTree = "<group>"; };
		46E2277D2B274BF2003B398B /* Info.plist */ = {isa = PBXFileReference; lastKnownFileType = text.plist.xml; path = Info.plist; sourceTree = "<group>"; };
		46E227822B274BF2003B398B /* GeofenceAppTests.xctest */ = {isa = PBXFileReference; explicitFileType = wrapper.cfbundle; includeInIndex = 0; path = GeofenceAppTests.xctest; sourceTree = BUILT_PRODUCTS_DIR; };
		46E227862B274BF2003B398B /* GeofenceAppTests.swift */ = {isa = PBXFileReference; lastKnownFileType = sourcecode.swift; path = GeofenceAppTests.swift; sourceTree = "<group>"; };
		46E2278C2B274BF2003B398B /* GeofenceAppUITests.xctest */ = {isa = PBXFileReference; explicitFileType = wrapper.cfbundle; includeInIndex = 0; path = GeofenceAppUITests.xctest; sourceTree = BUILT_PRODUCTS_DIR; };
		46E227902B274BF2003B398B /* GeofenceAppUITests.swift */ = {isa = PBXFileReference; lastKnownFileType = sourcecode.swift; path = GeofenceAppUITests.swift; sourceTree = "<group>"; };
		46E227922B274BF2003B398B /* GeofenceAppUITestsLaunchTests.swift */ = {isa = PBXFileReference; lastKnownFileType = sourcecode.swift; path = GeofenceAppUITestsLaunchTests.swift; sourceTree = "<group>"; };
		46E227A02B2752A5003B398B /* PromptView.xib */ = {isa = PBXFileReference; fileEncoding = 4; lastKnownFileType = file.xib; path = PromptView.xib; sourceTree = "<group>"; };
		46E227A12B2752A5003B398B /* PromptView.swift */ = {isa = PBXFileReference; fileEncoding = 4; lastKnownFileType = sourcecode.swift; path = PromptView.swift; sourceTree = "<group>"; };
		46E227A52B2752B3003B398B /* UIView.swift */ = {isa = PBXFileReference; fileEncoding = 4; lastKnownFileType = sourcecode.swift; path = UIView.swift; sourceTree = "<group>"; };
		46E227A82B275873003B398B /* GeofenceManager.swift */ = {isa = PBXFileReference; fileEncoding = 4; lastKnownFileType = sourcecode.swift; path = GeofenceManager.swift; sourceTree = "<group>"; };
		46E227A92B275873003B398B /* LocationManager.swift */ = {isa = PBXFileReference; fileEncoding = 4; lastKnownFileType = sourcecode.swift; path = LocationManager.swift; sourceTree = "<group>"; };
		46E227AE2B276B5D003B398B /* DatabaseManager.swift */ = {isa = PBXFileReference; fileEncoding = 4; lastKnownFileType = sourcecode.swift; path = DatabaseManager.swift; sourceTree = "<group>"; };
		46E227B52B276C22003B398B /* GeofenceData+CoreDataClass.swift */ = {isa = PBXFileReference; fileEncoding = 4; lastKnownFileType = sourcecode.swift; path = "GeofenceData+CoreDataClass.swift"; sourceTree = "<group>"; };
		46E227B62B276C22003B398B /* GeofenceData+CoreDataProperties.swift */ = {isa = PBXFileReference; fileEncoding = 4; lastKnownFileType = sourcecode.swift; path = "GeofenceData+CoreDataProperties.swift"; sourceTree = "<group>"; };
		46E227BA2B276C60003B398B /* GeofenceStruct.swift */ = {isa = PBXFileReference; fileEncoding = 4; lastKnownFileType = sourcecode.swift; path = GeofenceStruct.swift; sourceTree = "<group>"; };
/* End PBXFileReference section */

/* Begin PBXFrameworksBuildPhase section */
		46E227662B274BEE003B398B /* Frameworks */ = {
			isa = PBXFrameworksBuildPhase;
			buildActionMask = 2147483647;
			files = (
			);
			runOnlyForDeploymentPostprocessing = 0;
		};
		46E2277F2B274BF2003B398B /* Frameworks */ = {
			isa = PBXFrameworksBuildPhase;
			buildActionMask = 2147483647;
			files = (
			);
			runOnlyForDeploymentPostprocessing = 0;
		};
		46E227892B274BF2003B398B /* Frameworks */ = {
			isa = PBXFrameworksBuildPhase;
			buildActionMask = 2147483647;
			files = (
			);
			runOnlyForDeploymentPostprocessing = 0;
		};
/* End PBXFrameworksBuildPhase section */

/* Begin PBXGroup section */
		46E227602B274BEE003B398B = {
			isa = PBXGroup;
			children = (
				46E2276B2B274BEE003B398B /* GeofenceApp */,
				46E227852B274BF2003B398B /* GeofenceAppTests */,
				46E2278F2B274BF2003B398B /* GeofenceAppUITests */,
				46E2276A2B274BEE003B398B /* Products */,
			);
			sourceTree = "<group>";
		};
		46E2276A2B274BEE003B398B /* Products */ = {
			isa = PBXGroup;
			children = (
				46E227692B274BEE003B398B /* GeofenceApp.app */,
				46E227822B274BF2003B398B /* GeofenceAppTests.xctest */,
				46E2278C2B274BF2003B398B /* GeofenceAppUITests.xctest */,
			);
			name = Products;
			sourceTree = "<group>";
		};
		46E2276B2B274BEE003B398B /* GeofenceApp */ = {
			isa = PBXGroup;
			children = (
				46E227B92B276C60003B398B /* Model */,
				46E227B42B276C22003B398B /* CoreData */,
				46E227A72B275873003B398B /* Utils */,
				46E227A42B2752B3003B398B /* Extensions */,
				46E2279F2B2752A5003B398B /* Views */,
				46E2276C2B274BEE003B398B /* AppDelegate.swift */,
				46E2276E2B274BEE003B398B /* SceneDelegate.swift */,
				46E227702B274BEE003B398B /* ViewController.swift */,
				46E227722B274BEE003B398B /* Main.storyboard */,
				46E227782B274BF2003B398B /* Assets.xcassets */,
				46E2277A2B274BF2003B398B /* LaunchScreen.storyboard */,
				46E2277D2B274BF2003B398B /* Info.plist */,
				46E227752B274BEE003B398B /* GeofenceApp.xcdatamodeld */,
			);
			path = GeofenceApp;
			sourceTree = "<group>";
		};
		46E227852B274BF2003B398B /* GeofenceAppTests */ = {
			isa = PBXGroup;
			children = (
				46E227862B274BF2003B398B /* GeofenceAppTests.swift */,
			);
			path = GeofenceAppTests;
			sourceTree = "<group>";
		};
		46E2278F2B274BF2003B398B /* GeofenceAppUITests */ = {
			isa = PBXGroup;
			children = (
				46E227902B274BF2003B398B /* GeofenceAppUITests.swift */,
				46E227922B274BF2003B398B /* GeofenceAppUITestsLaunchTests.swift */,
			);
			path = GeofenceAppUITests;
			sourceTree = "<group>";
		};
		46E2279F2B2752A5003B398B /* Views */ = {
			isa = PBXGroup;
			children = (
				46E227A12B2752A5003B398B /* PromptView.swift */,
				46E227A02B2752A5003B398B /* PromptView.xib */,
			);
			path = Views;
			sourceTree = "<group>";
		};
		46E227A42B2752B3003B398B /* Extensions */ = {
			isa = PBXGroup;
			children = (
				46E227A52B2752B3003B398B /* UIView.swift */,
			);
			path = Extensions;
			sourceTree = "<group>";
		};
		46E227A72B275873003B398B /* Utils */ = {
			isa = PBXGroup;
			children = (
				46E227A82B275873003B398B /* GeofenceManager.swift */,
				46E227A92B275873003B398B /* LocationManager.swift */,
				46E227AE2B276B5D003B398B /* DatabaseManager.swift */,
			);
			path = Utils;
			sourceTree = "<group>";
		};
		46E227B42B276C22003B398B /* CoreData */ = {
			isa = PBXGroup;
			children = (
				46E227B52B276C22003B398B /* GeofenceData+CoreDataClass.swift */,
				46E227B62B276C22003B398B /* GeofenceData+CoreDataProperties.swift */,
			);
			path = CoreData;
			sourceTree = "<group>";
		};
		46E227B92B276C60003B398B /* Model */ = {
			isa = PBXGroup;
			children = (
				46E227BA2B276C60003B398B /* GeofenceStruct.swift */,
			);
			path = Model;
			sourceTree = "<group>";
		};
/* End PBXGroup section */

/* Begin PBXNativeTarget section */
		46E227682B274BEE003B398B /* GeofenceApp */ = {
			isa = PBXNativeTarget;
			buildConfigurationList = 46E227962B274BF2003B398B /* Build configuration list for PBXNativeTarget "GeofenceApp" */;
			buildPhases = (
				46E227652B274BEE003B398B /* Sources */,
				46E227662B274BEE003B398B /* Frameworks */,
				46E227672B274BEE003B398B /* Resources */,
			);
			buildRules = (
			);
			dependencies = (
			);
			name = GeofenceApp;
			productName = GeofenceApp;
			productReference = 46E227692B274BEE003B398B /* GeofenceApp.app */;
			productType = "com.apple.product-type.application";
		};
		46E227812B274BF2003B398B /* GeofenceAppTests */ = {
			isa = PBXNativeTarget;
			buildConfigurationList = 46E227992B274BF2003B398B /* Build configuration list for PBXNativeTarget "GeofenceAppTests" */;
			buildPhases = (
				46E2277E2B274BF2003B398B /* Sources */,
				46E2277F2B274BF2003B398B /* Frameworks */,
				46E227802B274BF2003B398B /* Resources */,
			);
			buildRules = (
			);
			dependencies = (
				46E227842B274BF2003B398B /* PBXTargetDependency */,
			);
			name = GeofenceAppTests;
			productName = GeofenceAppTests;
			productReference = 46E227822B274BF2003B398B /* GeofenceAppTests.xctest */;
			productType = "com.apple.product-type.bundle.unit-test";
		};
		46E2278B2B274BF2003B398B /* GeofenceAppUITests */ = {
			isa = PBXNativeTarget;
			buildConfigurationList = 46E2279C2B274BF2003B398B /* Build configuration list for PBXNativeTarget "GeofenceAppUITests" */;
			buildPhases = (
				46E227882B274BF2003B398B /* Sources */,
				46E227892B274BF2003B398B /* Frameworks */,
				46E2278A2B274BF2003B398B /* Resources */,
			);
			buildRules = (
			);
			dependencies = (
				46E2278E2B274BF2003B398B /* PBXTargetDependency */,
			);
			name = GeofenceAppUITests;
			productName = GeofenceAppUITests;
			productReference = 46E2278C2B274BF2003B398B /* GeofenceAppUITests.xctest */;
			productType = "com.apple.product-type.bundle.ui-testing";
		};
/* End PBXNativeTarget section */

/* Begin PBXProject section */
		46E227612B274BEE003B398B /* Project object */ = {
			isa = PBXProject;
			attributes = {
				BuildIndependentTargetsInParallel = 1;
				LastSwiftUpdateCheck = 1430;
				LastUpgradeCheck = 1430;
				TargetAttributes = {
					46E227682B274BEE003B398B = {
						CreatedOnToolsVersion = 14.3.1;
					};
					46E227812B274BF2003B398B = {
						CreatedOnToolsVersion = 14.3.1;
						TestTargetID = 46E227682B274BEE003B398B;
					};
					46E2278B2B274BF2003B398B = {
						CreatedOnToolsVersion = 14.3.1;
						TestTargetID = 46E227682B274BEE003B398B;
					};
				};
			};
			buildConfigurationList = 46E227642B274BEE003B398B /* Build configuration list for PBXProject "GeofenceApp" */;
			compatibilityVersion = "Xcode 14.0";
			developmentRegion = en;
			hasScannedForEncodings = 0;
			knownRegions = (
				en,
				Base,
			);
			mainGroup = 46E227602B274BEE003B398B;
			productRefGroup = 46E2276A2B274BEE003B398B /* Products */;
			projectDirPath = "";
			projectRoot = "";
			targets = (
				46E227682B274BEE003B398B /* GeofenceApp */,
				46E227812B274BF2003B398B /* GeofenceAppTests */,
				46E2278B2B274BF2003B398B /* GeofenceAppUITests */,
			);
		};
/* End PBXProject section */

/* Begin PBXResourcesBuildPhase section */
		46E227672B274BEE003B398B /* Resources */ = {
			isa = PBXResourcesBuildPhase;
			buildActionMask = 2147483647;
			files = (
				46E227A22B2752A5003B398B /* PromptView.xib in Resources */,
				46E2277C2B274BF2003B398B /* LaunchScreen.storyboard in Resources */,
				46E227792B274BF2003B398B /* Assets.xcassets in Resources */,
				46E227742B274BEE003B398B /* Main.storyboard in Resources */,
			);
			runOnlyForDeploymentPostprocessing = 0;
		};
		46E227802B274BF2003B398B /* Resources */ = {
			isa = PBXResourcesBuildPhase;
			buildActionMask = 2147483647;
			files = (
			);
			runOnlyForDeploymentPostprocessing = 0;
		};
		46E2278A2B274BF2003B398B /* Resources */ = {
			isa = PBXResourcesBuildPhase;
			buildActionMask = 2147483647;
			files = (
			);
			runOnlyForDeploymentPostprocessing = 0;
		};
/* End PBXResourcesBuildPhase section */

/* Begin PBXSourcesBuildPhase section */
		46E227652B274BEE003B398B /* Sources */ = {
			isa = PBXSourcesBuildPhase;
			buildActionMask = 2147483647;
			files = (
				46E227712B274BEE003B398B /* ViewController.swift in Sources */,
				46E227B82B276C22003B398B /* GeofenceData+CoreDataProperties.swift in Sources */,
				46E227772B274BEE003B398B /* GeofenceApp.xcdatamodeld in Sources */,
				46E2276D2B274BEE003B398B /* AppDelegate.swift in Sources */,
				46E227BB2B276C60003B398B /* GeofenceStruct.swift in Sources */,
				46E227AB2B275873003B398B /* GeofenceManager.swift in Sources */,
				46E227B72B276C22003B398B /* GeofenceData+CoreDataClass.swift in Sources */,
				46E227AC2B275873003B398B /* LocationManager.swift in Sources */,
				46E227A32B2752A5003B398B /* PromptView.swift in Sources */,
				46E227A62B2752B3003B398B /* UIView.swift in Sources */,
				46E2276F2B274BEE003B398B /* SceneDelegate.swift in Sources */,
				46E227AF2B276B5D003B398B /* DatabaseManager.swift in Sources */,
			);
			runOnlyForDeploymentPostprocessing = 0;
		};
		46E2277E2B274BF2003B398B /* Sources */ = {
			isa = PBXSourcesBuildPhase;
			buildActionMask = 2147483647;
			files = (
				46E227872B274BF2003B398B /* GeofenceAppTests.swift in Sources */,
			);
			runOnlyForDeploymentPostprocessing = 0;
		};
		46E227882B274BF2003B398B /* Sources */ = {
			isa = PBXSourcesBuildPhase;
			buildActionMask = 2147483647;
			files = (
				46E227932B274BF2003B398B /* GeofenceAppUITestsLaunchTests.swift in Sources */,
				46E227912B274BF2003B398B /* GeofenceAppUITests.swift in Sources */,
			);
			runOnlyForDeploymentPostprocessing = 0;
		};
/* End PBXSourcesBuildPhase section */

/* Begin PBXTargetDependency section */
		46E227842B274BF2003B398B /* PBXTargetDependency */ = {
			isa = PBXTargetDependency;
			target = 46E227682B274BEE003B398B /* GeofenceApp */;
			targetProxy = 46E227832B274BF2003B398B /* PBXContainerItemProxy */;
		};
		46E2278E2B274BF2003B398B /* PBXTargetDependency */ = {
			isa = PBXTargetDependency;
			target = 46E227682B274BEE003B398B /* GeofenceApp */;
			targetProxy = 46E2278D2B274BF2003B398B /* PBXContainerItemProxy */;
		};
/* End PBXTargetDependency section */

/* Begin PBXVariantGroup section */
		46E227722B274BEE003B398B /* Main.storyboard */ = {
			isa = PBXVariantGroup;
			children = (
				46E227732B274BEE003B398B /* Base */,
			);
			name = Main.storyboard;
			sourceTree = "<group>";
		};
		46E2277A2B274BF2003B398B /* LaunchScreen.storyboard */ = {
			isa = PBXVariantGroup;
			children = (
				46E2277B2B274BF2003B398B /* Base */,
			);
			name = LaunchScreen.storyboard;
			sourceTree = "<group>";
		};
/* End PBXVariantGroup section */

/* Begin XCBuildConfiguration section */
		46E227942B274BF2003B398B /* Debug */ = {
			isa = XCBuildConfiguration;
			buildSettings = {
				ALWAYS_SEARCH_USER_PATHS = NO;
				CLANG_ANALYZER_NONNULL = YES;
				CLANG_ANALYZER_NUMBER_OBJECT_CONVERSION = YES_AGGRESSIVE;
				CLANG_CXX_LANGUAGE_STANDARD = "gnu++20";
				CLANG_ENABLE_MODULES = YES;
				CLANG_ENABLE_OBJC_ARC = YES;
				CLANG_ENABLE_OBJC_WEAK = YES;
				CLANG_WARN_BLOCK_CAPTURE_AUTORELEASING = YES;
				CLANG_WARN_BOOL_CONVERSION = YES;
				CLANG_WARN_COMMA = YES;
				CLANG_WARN_CONSTANT_CONVERSION = YES;
				CLANG_WARN_DEPRECATED_OBJC_IMPLEMENTATIONS = YES;
				CLANG_WARN_DIRECT_OBJC_ISA_USAGE = YES_ERROR;
				CLANG_WARN_DOCUMENTATION_COMMENTS = YES;
				CLANG_WARN_EMPTY_BODY = YES;
				CLANG_WARN_ENUM_CONVERSION = YES;
				CLANG_WARN_INFINITE_RECURSION = YES;
				CLANG_WARN_INT_CONVERSION = YES;
				CLANG_WARN_NON_LITERAL_NULL_CONVERSION = YES;
				CLANG_WARN_OBJC_IMPLICIT_RETAIN_SELF = YES;
				CLANG_WARN_OBJC_LITERAL_CONVERSION = YES;
				CLANG_WARN_OBJC_ROOT_CLASS = YES_ERROR;
				CLANG_WARN_QUOTED_INCLUDE_IN_FRAMEWORK_HEADER = YES;
				CLANG_WARN_RANGE_LOOP_ANALYSIS = YES;
				CLANG_WARN_STRICT_PROTOTYPES = YES;
				CLANG_WARN_SUSPICIOUS_MOVE = YES;
				CLANG_WARN_UNGUARDED_AVAILABILITY = YES_AGGRESSIVE;
				CLANG_WARN_UNREACHABLE_CODE = YES;
				CLANG_WARN__DUPLICATE_METHOD_MATCH = YES;
				COPY_PHASE_STRIP = NO;
				DEBUG_INFORMATION_FORMAT = dwarf;
				ENABLE_STRICT_OBJC_MSGSEND = YES;
				ENABLE_TESTABILITY = YES;
				GCC_C_LANGUAGE_STANDARD = gnu11;
				GCC_DYNAMIC_NO_PIC = NO;
				GCC_NO_COMMON_BLOCKS = YES;
				GCC_OPTIMIZATION_LEVEL = 0;
				GCC_PREPROCESSOR_DEFINITIONS = (
					"DEBUG=1",
					"$(inherited)",
				);
				GCC_WARN_64_TO_32_BIT_CONVERSION = YES;
				GCC_WARN_ABOUT_RETURN_TYPE = YES_ERROR;
				GCC_WARN_UNDECLARED_SELECTOR = YES;
				GCC_WARN_UNINITIALIZED_AUTOS = YES_AGGRESSIVE;
				GCC_WARN_UNUSED_FUNCTION = YES;
				GCC_WARN_UNUSED_VARIABLE = YES;
				IPHONEOS_DEPLOYMENT_TARGET = 16.4;
				MTL_ENABLE_DEBUG_INFO = INCLUDE_SOURCE;
				MTL_FAST_MATH = YES;
				ONLY_ACTIVE_ARCH = YES;
				SDKROOT = iphoneos;
				SWIFT_ACTIVE_COMPILATION_CONDITIONS = DEBUG;
				SWIFT_OPTIMIZATION_LEVEL = "-Onone";
			};
			name = Debug;
		};
		46E227952B274BF2003B398B /* Release */ = {
			isa = XCBuildConfiguration;
			buildSettings = {
				ALWAYS_SEARCH_USER_PATHS = NO;
				CLANG_ANALYZER_NONNULL = YES;
				CLANG_ANALYZER_NUMBER_OBJECT_CONVERSION = YES_AGGRESSIVE;
				CLANG_CXX_LANGUAGE_STANDARD = "gnu++20";
				CLANG_ENABLE_MODULES = YES;
				CLANG_ENABLE_OBJC_ARC = YES;
				CLANG_ENABLE_OBJC_WEAK = YES;
				CLANG_WARN_BLOCK_CAPTURE_AUTORELEASING = YES;
				CLANG_WARN_BOOL_CONVERSION = YES;
				CLANG_WARN_COMMA = YES;
				CLANG_WARN_CONSTANT_CONVERSION = YES;
				CLANG_WARN_DEPRECATED_OBJC_IMPLEMENTATIONS = YES;
				CLANG_WARN_DIRECT_OBJC_ISA_USAGE = YES_ERROR;
				CLANG_WARN_DOCUMENTATION_COMMENTS = YES;
				CLANG_WARN_EMPTY_BODY = YES;
				CLANG_WARN_ENUM_CONVERSION = YES;
				CLANG_WARN_INFINITE_RECURSION = YES;
				CLANG_WARN_INT_CONVERSION = YES;
				CLANG_WARN_NON_LITERAL_NULL_CONVERSION = YES;
				CLANG_WARN_OBJC_IMPLICIT_RETAIN_SELF = YES;
				CLANG_WARN_OBJC_LITERAL_CONVERSION = YES;
				CLANG_WARN_OBJC_ROOT_CLASS = YES_ERROR;
				CLANG_WARN_QUOTED_INCLUDE_IN_FRAMEWORK_HEADER = YES;
				CLANG_WARN_RANGE_LOOP_ANALYSIS = YES;
				CLANG_WARN_STRICT_PROTOTYPES = YES;
				CLANG_WARN_SUSPICIOUS_MOVE = YES;
				CLANG_WARN_UNGUARDED_AVAILABILITY = YES_AGGRESSIVE;
				CLANG_WARN_UNREACHABLE_CODE = YES;
				CLANG_WARN__DUPLICATE_METHOD_MATCH = YES;
				COPY_PHASE_STRIP = NO;
				DEBUG_INFORMATION_FORMAT = "dwarf-with-dsym";
				ENABLE_NS_ASSERTIONS = NO;
				ENABLE_STRICT_OBJC_MSGSEND = YES;
				GCC_C_LANGUAGE_STANDARD = gnu11;
				GCC_NO_COMMON_BLOCKS = YES;
				GCC_WARN_64_TO_32_BIT_CONVERSION = YES;
				GCC_WARN_ABOUT_RETURN_TYPE = YES_ERROR;
				GCC_WARN_UNDECLARED_SELECTOR = YES;
				GCC_WARN_UNINITIALIZED_AUTOS = YES_AGGRESSIVE;
				GCC_WARN_UNUSED_FUNCTION = YES;
				GCC_WARN_UNUSED_VARIABLE = YES;
				IPHONEOS_DEPLOYMENT_TARGET = 16.4;
				MTL_ENABLE_DEBUG_INFO = NO;
				MTL_FAST_MATH = YES;
				SDKROOT = iphoneos;
				SWIFT_COMPILATION_MODE = wholemodule;
				SWIFT_OPTIMIZATION_LEVEL = "-O";
				VALIDATE_PRODUCT = YES;
			};
			name = Release;
		};
		46E227972B274BF2003B398B /* Debug */ = {
			isa = XCBuildConfiguration;
			buildSettings = {
				ASSETCATALOG_COMPILER_APPICON_NAME = AppIcon;
				ASSETCATALOG_COMPILER_GLOBAL_ACCENT_COLOR_NAME = AccentColor;
				CODE_SIGN_STYLE = Automatic;
				CURRENT_PROJECT_VERSION = 1;
				GENERATE_INFOPLIST_FILE = YES;
				INFOPLIST_FILE = GeofenceApp/Info.plist;
				INFOPLIST_KEY_NSLocationAlwaysAndWhenInUseUsageDescription = "App needs to access to your device location to send you alerts for geofence area.";
				INFOPLIST_KEY_NSLocationWhenInUseUsageDescription = "App needs to access to your device location to send you alerts for geofence area.";
				INFOPLIST_KEY_UIApplicationSupportsIndirectInputEvents = YES;
				INFOPLIST_KEY_UILaunchStoryboardName = LaunchScreen;
				INFOPLIST_KEY_UIMainStoryboardFile = Main;
				INFOPLIST_KEY_UISupportedInterfaceOrientations_iPad = "UIInterfaceOrientationPortrait UIInterfaceOrientationPortraitUpsideDown UIInterfaceOrientationLandscapeLeft UIInterfaceOrientationLandscapeRight";
				INFOPLIST_KEY_UISupportedInterfaceOrientations_iPhone = "UIInterfaceOrientationPortrait UIInterfaceOrientationLandscapeLeft UIInterfaceOrientationLandscapeRight";
				LD_RUNPATH_SEARCH_PATHS = (
					"$(inherited)",
					"@executable_path/Frameworks",
				);
				MARKETING_VERSION = 1.0;
				PRODUCT_BUNDLE_IDENTIFIER = com.vaibhav.GeofenceApp;
				PRODUCT_NAME = "$(TARGET_NAME)";
				SWIFT_EMIT_LOC_STRINGS = YES;
				SWIFT_VERSION = 5.0;
				TARGETED_DEVICE_FAMILY = "1,2";
			};
			name = Debug;
		};
		46E227982B274BF2003B398B /* Release */ = {
			isa = XCBuildConfiguration;
			buildSettings = {
				ASSETCATALOG_COMPILER_APPICON_NAME = AppIcon;
				ASSETCATALOG_COMPILER_GLOBAL_ACCENT_COLOR_NAME = AccentColor;
				CODE_SIGN_STYLE = Automatic;
				CURRENT_PROJECT_VERSION = 1;
				GENERATE_INFOPLIST_FILE = YES;
				INFOPLIST_FILE = GeofenceApp/Info.plist;
				INFOPLIST_KEY_NSLocationAlwaysAndWhenInUseUsageDescription = "App needs to access to your device location to send you alerts for geofence area.";
				INFOPLIST_KEY_NSLocationWhenInUseUsageDescription = "App needs to access to your device location to send you alerts for geofence area.";
				INFOPLIST_KEY_UIApplicationSupportsIndirectInputEvents = YES;
				INFOPLIST_KEY_UILaunchStoryboardName = LaunchScreen;
				INFOPLIST_KEY_UIMainStoryboardFile = Main;
				INFOPLIST_KEY_UISupportedInterfaceOrientations_iPad = "UIInterfaceOrientationPortrait UIInterfaceOrientationPortraitUpsideDown UIInterfaceOrientationLandscapeLeft UIInterfaceOrientationLandscapeRight";
				INFOPLIST_KEY_UISupportedInterfaceOrientations_iPhone = "UIInterfaceOrientationPortrait UIInterfaceOrientationLandscapeLeft UIInterfaceOrientationLandscapeRight";
				LD_RUNPATH_SEARCH_PATHS = (
					"$(inherited)",
					"@executable_path/Frameworks",
				);
				MARKETING_VERSION = 1.0;
				PRODUCT_BUNDLE_IDENTIFIER = com.vaibhav.GeofenceApp;
				PRODUCT_NAME = "$(TARGET_NAME)";
				SWIFT_EMIT_LOC_STRINGS = YES;
				SWIFT_VERSION = 5.0;
				TARGETED_DEVICE_FAMILY = "1,2";
			};
			name = Release;
		};
		46E2279A2B274BF2003B398B /* Debug */ = {
			isa = XCBuildConfiguration;
			buildSettings = {
				ALWAYS_EMBED_SWIFT_STANDARD_LIBRARIES = YES;
				BUNDLE_LOADER = "$(TEST_HOST)";
				CODE_SIGN_STYLE = Automatic;
				CURRENT_PROJECT_VERSION = 1;
				GENERATE_INFOPLIST_FILE = YES;
				IPHONEOS_DEPLOYMENT_TARGET = 16.4;
				MARKETING_VERSION = 1.0;
				PRODUCT_BUNDLE_IDENTIFIER = com.vaibhav.GeofenceAppTests;
				PRODUCT_NAME = "$(TARGET_NAME)";
				SWIFT_EMIT_LOC_STRINGS = NO;
				SWIFT_VERSION = 5.0;
				TARGETED_DEVICE_FAMILY = "1,2";
				TEST_HOST = "$(BUILT_PRODUCTS_DIR)/GeofenceApp.app/$(BUNDLE_EXECUTABLE_FOLDER_PATH)/GeofenceApp";
			};
			name = Debug;
		};
		46E2279B2B274BF2003B398B /* Release */ = {
			isa = XCBuildConfiguration;
			buildSettings = {
				ALWAYS_EMBED_SWIFT_STANDARD_LIBRARIES = YES;
				BUNDLE_LOADER = "$(TEST_HOST)";
				CODE_SIGN_STYLE = Automatic;
				CURRENT_PROJECT_VERSION = 1;
				GENERATE_INFOPLIST_FILE = YES;
				IPHONEOS_DEPLOYMENT_TARGET = 16.4;
				MARKETING_VERSION = 1.0;
				PRODUCT_BUNDLE_IDENTIFIER = com.vaibhav.GeofenceAppTests;
				PRODUCT_NAME = "$(TARGET_NAME)";
				SWIFT_EMIT_LOC_STRINGS = NO;
				SWIFT_VERSION = 5.0;
				TARGETED_DEVICE_FAMILY = "1,2";
				TEST_HOST = "$(BUILT_PRODUCTS_DIR)/GeofenceApp.app/$(BUNDLE_EXECUTABLE_FOLDER_PATH)/GeofenceApp";
			};
			name = Release;
		};
		46E2279D2B274BF2003B398B /* Debug */ = {
			isa = XCBuildConfiguration;
			buildSettings = {
				ALWAYS_EMBED_SWIFT_STANDARD_LIBRARIES = YES;
				CODE_SIGN_STYLE = Automatic;
				CURRENT_PROJECT_VERSION = 1;
				GENERATE_INFOPLIST_FILE = YES;
				MARKETING_VERSION = 1.0;
				PRODUCT_BUNDLE_IDENTIFIER = com.vaibhav.GeofenceAppUITests;
				PRODUCT_NAME = "$(TARGET_NAME)";
				SWIFT_EMIT_LOC_STRINGS = NO;
				SWIFT_VERSION = 5.0;
				TARGETED_DEVICE_FAMILY = "1,2";
				TEST_TARGET_NAME = GeofenceApp;
			};
			name = Debug;
		};
		46E2279E2B274BF2003B398B /* Release */ = {
			isa = XCBuildConfiguration;
			buildSettings = {
				ALWAYS_EMBED_SWIFT_STANDARD_LIBRARIES = YES;
				CODE_SIGN_STYLE = Automatic;
				CURRENT_PROJECT_VERSION = 1;
				GENERATE_INFOPLIST_FILE = YES;
				MARKETING_VERSION = 1.0;
				PRODUCT_BUNDLE_IDENTIFIER = com.vaibhav.GeofenceAppUITests;
				PRODUCT_NAME = "$(TARGET_NAME)";
				SWIFT_EMIT_LOC_STRINGS = NO;
				SWIFT_VERSION = 5.0;
				TARGETED_DEVICE_FAMILY = "1,2";
				TEST_TARGET_NAME = GeofenceApp;
			};
			name = Release;
		};
/* End XCBuildConfiguration section */

/* Begin XCConfigurationList section */
		46E227642B274BEE003B398B /* Build configuration list for PBXProject "GeofenceApp" */ = {
			isa = XCConfigurationList;
			buildConfigurations = (
				46E227942B274BF2003B398B /* Debug */,
				46E227952B274BF2003B398B /* Release */,
			);
			defaultConfigurationIsVisible = 0;
			defaultConfigurationName = Release;
		};
		46E227962B274BF2003B398B /* Build configuration list for PBXNativeTarget "GeofenceApp" */ = {
			isa = XCConfigurationList;
			buildConfigurations = (
				46E227972B274BF2003B398B /* Debug */,
				46E227982B274BF2003B398B /* Release */,
			);
			defaultConfigurationIsVisible = 0;
			defaultConfigurationName = Release;
		};
		46E227992B274BF2003B398B /* Build configuration list for PBXNativeTarget "GeofenceAppTests" */ = {
			isa = XCConfigurationList;
			buildConfigurations = (
				46E2279A2B274BF2003B398B /* Debug */,
				46E2279B2B274BF2003B398B /* Release */,
			);
			defaultConfigurationIsVisible = 0;
			defaultConfigurationName = Release;
		};
		46E2279C2B274BF2003B398B /* Build configuration list for PBXNativeTarget "GeofenceAppUITests" */ = {
			isa = XCConfigurationList;
			buildConfigurations = (
				46E2279D2B274BF2003B398B /* Debug */,
				46E2279E2B274BF2003B398B /* Release */,
			);
			defaultConfigurationIsVisible = 0;
			defaultConfigurationName = Release;
		};
/* End XCConfigurationList section */

/* Begin XCVersionGroup section */
		46E227752B274BEE003B398B /* GeofenceApp.xcdatamodeld */ = {
			isa = XCVersionGroup;
			children = (
				46E227762B274BEE003B398B /* GeofenceApp.xcdatamodel */,
			);
			currentVersion = 46E227762B274BEE003B398B /* GeofenceApp.xcdatamodel */;
			path = GeofenceApp.xcdatamodeld;
			sourceTree = "<group>";
			versionGroupType = wrapper.xcdatamodel;
		};
/* End XCVersionGroup section */
	};
	rootObject = 46E227612B274BEE003B398B /* Project object */;
}
